
Microsoft Visual Studio Solution File, Format Version 12.00
# Visual Studio 15
Project("{FAE04EC0-301F-11D3-BF4B-00C04F79EFBC}") = "UnityEngine.TestRunner", "UnityEngine.TestRunner.csproj", "{041ACE6F-9A85-5152-08F4-C39901EEF180}"
EndProject
Project("{FAE04EC0-301F-11D3-BF4B-00C04F79EFBC}") = "Unity.Mathematics", "Unity.Mathematics.csproj", "{933C83DE-1182-CD83-7E5D-F421B1CA3FDB}"
EndProject
Project("{FAE04EC0-301F-11D3-BF4B-00C04F79EFBC}") = "Unity.Timeline", "Unity.Timeline.csproj", "{75EC07C1-2389-0D30-B898-D151A86CBB2B}"
EndProject
Project("{FAE04EC0-301F-11D3-BF4B-00C04F79EFBC}") = "UnityEngine.UI", "UnityEngine.UI.csproj", "{225688C5-9EA9-2856-951F-508A34082A9E}"
EndProject
Project("{FAE04EC0-301F-11D3-BF4B-00C04F79EFBC}") = "Unity.TextMeshPro", "Unity.TextMeshPro.csproj", "{6929E6BD-27F0-6B2D-E28D-14B029FEA5B9}"
EndProject
Project("{FAE04EC0-301F-11D3-BF4B-00C04F79EFBC}") = "Unity.2D.Animation.Runtime", "Unity.2D.Animation.Runtime.csproj", "{F945A5CE-E564-3D78-D9AE-29673F31425E}"
EndProject
Project("{FAE04EC0-301F-11D3-BF4B-00C04F79EFBC}") = "Unity.2D.IK.Runtime", "Unity.2D.IK.Runtime.csproj", "{9FF4ECD0-3E84-DAD8-1017-C7AA67EC36D2}"
EndProject
Project("{FAE04EC0-301F-11D3-BF4B-00C04F79EFBC}") = "Unity.2D.SpriteShape.Runtime", "Unity.2D.SpriteShape.Runtime.csproj", "{61C82D87-E870-312A-29CA-002EA0176475}"
EndProject
Project("{FAE04EC0-301F-11D3-BF4B-00C04F79EFBC}") = "Unity.2D.PixelPerfect", "Unity.2D.PixelPerfect.csproj", "{3EFC4109-E68E-5ACA-2D7C-AD13B1680F5C}"
EndProject
Project("{FAE04EC0-301F-11D3-BF4B-00C04F79EFBC}") = "Unity.2D.Common.Runtime", "Unity.2D.Common.Runtime.csproj", "{CB88DA59-B501-6C55-612D-9538292A3A67}"
EndProject
Project("{FAE04EC0-301F-11D3-BF4B-00C04F79EFBC}") = "Unity.InternalAPIEngineBridge.001", "Unity.InternalAPIEngineBridge.001.csproj", "{455DB003-9283-3830-77E4-F800CA23E9E0}"
EndProject
Project("{FAE04EC0-301F-11D3-BF4B-00C04F79EFBC}") = "Unity.PlasticSCM.Editor", "Unity.PlasticSCM.Editor.csproj", "{E534CBE2-61C0-4F50-6D64-84951013F2A6}"
EndProject
Project("{FAE04EC0-301F-11D3-BF4B-00C04F79EFBC}") = "UnityEditor.TestRunner", "UnityEditor.TestRunner.csproj", "{800F5315-D8EE-ABC3-2C9A-5B539C740445}"
EndProject
Project("{FAE04EC0-301F-11D3-BF4B-00C04F79EFBC}") = "Unity.2D.Animation.Triangle.Editor", "Unity.2D.Animation.Triangle.Editor.csproj", "{2539F16B-382E-60D5-5A48-C4D929C2625D}"
EndProject
Project("{FAE04EC0-301F-11D3-BF4B-00C04F79EFBC}") = "UnityEditor.UI", "UnityEditor.UI.csproj", "{BD2B5E3E-855B-38E9-A10A-DF2DCDFD6A0C}"
EndProject
Project("{FAE04EC0-301F-11D3-BF4B-00C04F79EFBC}") = "Unity.Timeline.Editor", "Unity.Timeline.Editor.csproj", "{5107881E-BA34-798A-707B-BB93AC0039BA}"
EndProject
Project("{FAE04EC0-301F-11D3-BF4B-00C04F79EFBC}") = "Unity.VisualStudio.Editor", "Unity.VisualStudio.Editor.csproj", "{859827DA-6EA3-E7B5-CFFD-DC74C851C39D}"
EndProject
Project("{FAE04EC0-301F-11D3-BF4B-00C04F79EFBC}") = "Unity.2D.Psdimporter.Editor", "Unity.2D.Psdimporter.Editor.csproj", "{885E4BF5-9DB9-C2FF-E448-2AD500460EDC}"
EndProject
Project("{FAE04EC0-301F-11D3-BF4B-00C04F79EFBC}") = "Unity.2D.Animation.Editor", "Unity.2D.Animation.Editor.csproj", "{0FA6CF53-E1C0-6872-967B-3E7285E2FAEE}"
EndProject
Project("{FAE04EC0-301F-11D3-BF4B-00C04F79EFBC}") = "Unity.TextMeshPro.Editor", "Unity.TextMeshPro.Editor.csproj", "{AF516973-6D36-D773-17A0-D91A2B95AB26}"
EndProject
Project("{FAE04EC0-301F-11D3-BF4B-00C04F79EFBC}") = "Unity.2D.SpriteShape.Editor", "Unity.2D.SpriteShape.Editor.csproj", "{07FE9250-ADF3-BEED-CBDE-12F9BD3A7F70}"
EndProject
Project("{FAE04EC0-301F-11D3-BF4B-00C04F79EFBC}") = "PsdPlugin", "PsdPlugin.csproj", "{F10DDBB1-C27F-B591-F3E3-A95DDBE744FE}"
EndProject
Project("{FAE04EC0-301F-11D3-BF4B-00C04F79EFBC}") = "Unity.2D.Path.Editor", "Unity.2D.Path.Editor.csproj", "{DC57849E-FE2B-2743-4EE4-F12308A86F9E}"
EndProject
Project("{FAE04EC0-301F-11D3-BF4B-00C04F79EFBC}") = "Unity.Rider.Editor", "Unity.Rider.Editor.csproj", "{1976009D-CC2D-9517-82FD-23D38A77367E}"
EndProject
Project("{FAE04EC0-301F-11D3-BF4B-00C04F79EFBC}") = "Unity.2D.IK.Editor", "Unity.2D.IK.Editor.csproj", "{8349D003-6EB4-4024-55F6-120B308C1674}"
EndProject
Project("{FAE04EC0-301F-11D3-BF4B-00C04F79EFBC}") = "Unity.2D.Sprite.Editor", "Unity.2D.Sprite.Editor.csproj", "{393BCB01-AFEA-012E-CF94-24AAEDD686CA}"
EndProject
Project("{FAE04EC0-301F-11D3-BF4B-00C04F79EFBC}") = "Unity.2D.Tilemap.Editor", "Unity.2D.Tilemap.Editor.csproj", "{CE615DA7-2EE8-93FD-7C5C-8BC8A6CF641B}"
EndProject
Project("{FAE04EC0-301F-11D3-BF4B-00C04F79EFBC}") = "Unity.2D.PixelPerfect.Editor", "Unity.2D.PixelPerfect.Editor.csproj", "{7D6BE12E-4162-FBF1-E85F-88AEFCC03980}"
EndProject
Project("{FAE04EC0-301F-11D3-BF4B-00C04F79EFBC}") = "Unity.VSCode.Editor", "Unity.VSCode.Editor.csproj", "{83E89326-DD82-8D4F-6879-781AF3A10890}"
EndProject
Project("{FAE04EC0-301F-11D3-BF4B-00C04F79EFBC}") = "Unity.2D.Common.Editor", "Unity.2D.Common.Editor.csproj", "{E27E5CCA-D008-6E7D-C03F-1A7A5E0918AF}"
EndProject
Project("{FAE04EC0-301F-11D3-BF4B-00C04F79EFBC}") = "Unity.Mathematics.Editor", "Unity.Mathematics.Editor.csproj", "{EE3F90D1-E697-0936-96F7-11EE611A4E53}"
EndProject
Project("{FAE04EC0-301F-11D3-BF4B-00C04F79EFBC}") = "Unity.CollabProxy.Editor", "Unity.CollabProxy.Editor.csproj", "{F01FB25F-25AB-9EED-7C11-E95977F734B8}"
EndProject
Project("{FAE04EC0-301F-11D3-BF4B-00C04F79EFBC}") = "Unity.InternalAPIEditorBridge.001", "Unity.InternalAPIEditorBridge.001.csproj", "{9E9733E7-ACC2-829B-43EA-784CD16441A0}"
EndProject
Project("{FAE04EC0-301F-11D3-BF4B-00C04F79EFBC}") = "UnityEngine.TestRunner", "UnityEngine.TestRunner.Player.csproj", "{9CD49173-83CD-CD1D-AE68-192A5BB409C9}"
EndProject
Project("{FAE04EC0-301F-11D3-BF4B-00C04F79EFBC}") = "Unity.Mathematics", "Unity.Mathematics.Player.csproj", "{A6F2782D-3CA2-F6A5-201B-5E6111A74F53}"
EndProject
Project("{FAE04EC0-301F-11D3-BF4B-00C04F79EFBC}") = "Unity.Timeline", "Unity.Timeline.Player.csproj", "{CA8691F2-00BC-BCB1-6EA3-2B27B079B4D5}"
EndProject
Project("{FAE04EC0-301F-11D3-BF4B-00C04F79EFBC}") = "UnityEngine.UI", "UnityEngine.UI.Player.csproj", "{31AC5737-8902-51A4-80A8-272668C8B7B9}"
EndProject
Project("{FAE04EC0-301F-11D3-BF4B-00C04F79EFBC}") = "Unity.TextMeshPro", "Unity.TextMeshPro.Player.csproj", "{0CC18511-ADA7-3646-AE44-F1F2261D40FA}"
EndProject
Project("{FAE04EC0-301F-11D3-BF4B-00C04F79EFBC}") = "Unity.2D.Animation.Runtime", "Unity.2D.Animation.Runtime.Player.csproj", "{41D8FBF5-F077-8FAE-8F60-66FB6136A2F1}"
EndProject
Project("{FAE04EC0-301F-11D3-BF4B-00C04F79EFBC}") = "Unity.2D.IK.Runtime", "Unity.2D.IK.Runtime.Player.csproj", "{CC096664-FB7A-B311-4767-13818ECAF58A}"
EndProject
Project("{FAE04EC0-301F-11D3-BF4B-00C04F79EFBC}") = "Unity.2D.SpriteShape.Runtime", "Unity.2D.SpriteShape.Runtime.Player.csproj", "{57A223F1-1C5D-1EC9-B56C-D8B5C4BD9E67}"
EndProject
Project("{FAE04EC0-301F-11D3-BF4B-00C04F79EFBC}") = "Unity.2D.PixelPerfect", "Unity.2D.PixelPerfect.Player.csproj", "{5EC86A63-A9EC-6937-503D-01FC3EDFE414}"
EndProject
Project("{FAE04EC0-301F-11D3-BF4B-00C04F79EFBC}") = "Unity.2D.Common.Runtime", "Unity.2D.Common.Runtime.Player.csproj", "{30B0427F-D0DA-F283-4F9D-4B2F6CD5F6A7}"
EndProject
Project("{FAE04EC0-301F-11D3-BF4B-00C04F79EFBC}") = "Unity.InternalAPIEngineBridge.001", "Unity.InternalAPIEngineBridge.001.Player.csproj", "{DB4BC938-C9AE-18F3-80FB-AB0D97295847}"
EndProject
Global
	GlobalSection(SolutionConfigurationPlatforms) = preSolution
		Debug|Any CPU = Debug|Any CPU
		Release|Any CPU = Release|Any CPU
	EndGlobalSection
	GlobalSection(ProjectConfigurationPlatforms) = postSolution
		{041ACE6F-9A85-5152-08F4-C39901EEF180}.Debug|Any CPU.ActiveCfg = Debug|Any CPU
		{041ACE6F-9A85-5152-08F4-C39901EEF180}.Debug|Any CPU.Build.0 = Debug|Any CPU
		{041ACE6F-9A85-5152-08F4-C39901EEF180}.Release|Any CPU.ActiveCfg = Release|Any CPU
		{041ACE6F-9A85-5152-08F4-C39901EEF180}.Release|Any CPU.Build.0 = Release|Any CPU
		{933C83DE-1182-CD83-7E5D-F421B1CA3FDB}.Debug|Any CPU.ActiveCfg = Debug|Any CPU
		{933C83DE-1182-CD83-7E5D-F421B1CA3FDB}.Debug|Any CPU.Build.0 = Debug|Any CPU
		{933C83DE-1182-CD83-7E5D-F421B1CA3FDB}.Release|Any CPU.ActiveCfg = Release|Any CPU
		{933C83DE-1182-CD83-7E5D-F421B1CA3FDB}.Release|Any CPU.Build.0 = Release|Any CPU
		{75EC07C1-2389-0D30-B898-D151A86CBB2B}.Debug|Any CPU.ActiveCfg = Debug|Any CPU
		{75EC07C1-2389-0D30-B898-D151A86CBB2B}.Debug|Any CPU.Build.0 = Debug|Any CPU
		{75EC07C1-2389-0D30-B898-D151A86CBB2B}.Release|Any CPU.ActiveCfg = Release|Any CPU
		{75EC07C1-2389-0D30-B898-D151A86CBB2B}.Release|Any CPU.Build.0 = Release|Any CPU
		{225688C5-9EA9-2856-951F-508A34082A9E}.Debug|Any CPU.ActiveCfg = Debug|Any CPU
		{225688C5-9EA9-2856-951F-508A34082A9E}.Debug|Any CPU.Build.0 = Debug|Any CPU
		{225688C5-9EA9-2856-951F-508A34082A9E}.Release|Any CPU.ActiveCfg = Release|Any CPU
		{225688C5-9EA9-2856-951F-508A34082A9E}.Release|Any CPU.Build.0 = Release|Any CPU
		{6929E6BD-27F0-6B2D-E28D-14B029FEA5B9}.Debug|Any CPU.ActiveCfg = Debug|Any CPU
		{6929E6BD-27F0-6B2D-E28D-14B029FEA5B9}.Debug|Any CPU.Build.0 = Debug|Any CPU
		{6929E6BD-27F0-6B2D-E28D-14B029FEA5B9}.Release|Any CPU.ActiveCfg = Release|Any CPU
		{6929E6BD-27F0-6B2D-E28D-14B029FEA5B9}.Release|Any CPU.Build.0 = Release|Any CPU
		{F945A5CE-E564-3D78-D9AE-29673F31425E}.Debug|Any CPU.ActiveCfg = Debug|Any CPU
		{F945A5CE-E564-3D78-D9AE-29673F31425E}.Debug|Any CPU.Build.0 = Debug|Any CPU
		{F945A5CE-E564-3D78-D9AE-29673F31425E}.Release|Any CPU.ActiveCfg = Release|Any CPU
		{F945A5CE-E564-3D78-D9AE-29673F31425E}.Release|Any CPU.Build.0 = Release|Any CPU
		{9FF4ECD0-3E84-DAD8-1017-C7AA67EC36D2}.Debug|Any CPU.ActiveCfg = Debug|Any CPU
		{9FF4ECD0-3E84-DAD8-1017-C7AA67EC36D2}.Debug|Any CPU.Build.0 = Debug|Any CPU
		{9FF4ECD0-3E84-DAD8-1017-C7AA67EC36D2}.Release|Any CPU.ActiveCfg = Release|Any CPU
		{9FF4ECD0-3E84-DAD8-1017-C7AA67EC36D2}.Release|Any CPU.Build.0 = Release|Any CPU
		{61C82D87-E870-312A-29CA-002EA0176475}.Debug|Any CPU.ActiveCfg = Debug|Any CPU
		{61C82D87-E870-312A-29CA-002EA0176475}.Debug|Any CPU.Build.0 = Debug|Any CPU
		{61C82D87-E870-312A-29CA-002EA0176475}.Release|Any CPU.ActiveCfg = Release|Any CPU
		{61C82D87-E870-312A-29CA-002EA0176475}.Release|Any CPU.Build.0 = Release|Any CPU
		{3EFC4109-E68E-5ACA-2D7C-AD13B1680F5C}.Debug|Any CPU.ActiveCfg = Debug|Any CPU
		{3EFC4109-E68E-5ACA-2D7C-AD13B1680F5C}.Debug|Any CPU.Build.0 = Debug|Any CPU
		{3EFC4109-E68E-5ACA-2D7C-AD13B1680F5C}.Release|Any CPU.ActiveCfg = Release|Any CPU
		{3EFC4109-E68E-5ACA-2D7C-AD13B1680F5C}.Release|Any CPU.Build.0 = Release|Any CPU
		{CB88DA59-B501-6C55-612D-9538292A3A67}.Debug|Any CPU.ActiveCfg = Debug|Any CPU
		{CB88DA59-B501-6C55-612D-9538292A3A67}.Debug|Any CPU.Build.0 = Debug|Any CPU
		{CB88DA59-B501-6C55-612D-9538292A3A67}.Release|Any CPU.ActiveCfg = Release|Any CPU
		{CB88DA59-B501-6C55-612D-9538292A3A67}.Release|Any CPU.Build.0 = Release|Any CPU
		{455DB003-9283-3830-77E4-F800CA23E9E0}.Debug|Any CPU.ActiveCfg = Debug|Any CPU
		{455DB003-9283-3830-77E4-F800CA23E9E0}.Debug|Any CPU.Build.0 = Debug|Any CPU
		{455DB003-9283-3830-77E4-F800CA23E9E0}.Release|Any CPU.ActiveCfg = Release|Any CPU
		{455DB003-9283-3830-77E4-F800CA23E9E0}.Release|Any CPU.Build.0 = Release|Any CPU
		{E534CBE2-61C0-4F50-6D64-84951013F2A6}.Debug|Any CPU.ActiveCfg = Debug|Any CPU
		{E534CBE2-61C0-4F50-6D64-84951013F2A6}.Debug|Any CPU.Build.0 = Debug|Any CPU
		{E534CBE2-61C0-4F50-6D64-84951013F2A6}.Release|Any CPU.ActiveCfg = Release|Any CPU
		{E534CBE2-61C0-4F50-6D64-84951013F2A6}.Release|Any CPU.Build.0 = Release|Any CPU
		{800F5315-D8EE-ABC3-2C9A-5B539C740445}.Debug|Any CPU.ActiveCfg = Debug|Any CPU
		{800F5315-D8EE-ABC3-2C9A-5B539C740445}.Debug|Any CPU.Build.0 = Debug|Any CPU
		{800F5315-D8EE-ABC3-2C9A-5B539C740445}.Release|Any CPU.ActiveCfg = Release|Any CPU
		{800F5315-D8EE-ABC3-2C9A-5B539C740445}.Release|Any CPU.Build.0 = Release|Any CPU
		{2539F16B-382E-60D5-5A48-C4D929C2625D}.Debug|Any CPU.ActiveCfg = Debug|Any CPU
		{2539F16B-382E-60D5-5A48-C4D929C2625D}.Debug|Any CPU.Build.0 = Debug|Any CPU
		{2539F16B-382E-60D5-5A48-C4D929C2625D}.Release|Any CPU.ActiveCfg = Release|Any CPU
		{2539F16B-382E-60D5-5A48-C4D929C2625D}.Release|Any CPU.Build.0 = Release|Any CPU
		{BD2B5E3E-855B-38E9-A10A-DF2DCDFD6A0C}.Debug|Any CPU.ActiveCfg = Debug|Any CPU
		{BD2B5E3E-855B-38E9-A10A-DF2DCDFD6A0C}.Debug|Any CPU.Build.0 = Debug|Any CPU
		{BD2B5E3E-855B-38E9-A10A-DF2DCDFD6A0C}.Release|Any CPU.ActiveCfg = Release|Any CPU
		{BD2B5E3E-855B-38E9-A10A-DF2DCDFD6A0C}.Release|Any CPU.Build.0 = Release|Any CPU
		{5107881E-BA34-798A-707B-BB93AC0039BA}.Debug|Any CPU.ActiveCfg = Debug|Any CPU
		{5107881E-BA34-798A-707B-BB93AC0039BA}.Debug|Any CPU.Build.0 = Debug|Any CPU
		{5107881E-BA34-798A-707B-BB93AC0039BA}.Release|Any CPU.ActiveCfg = Release|Any CPU
		{5107881E-BA34-798A-707B-BB93AC0039BA}.Release|Any CPU.Build.0 = Release|Any CPU
		{859827DA-6EA3-E7B5-CFFD-DC74C851C39D}.Debug|Any CPU.ActiveCfg = Debug|Any CPU
		{859827DA-6EA3-E7B5-CFFD-DC74C851C39D}.Debug|Any CPU.Build.0 = Debug|Any CPU
		{859827DA-6EA3-E7B5-CFFD-DC74C851C39D}.Release|Any CPU.ActiveCfg = Release|Any CPU
		{859827DA-6EA3-E7B5-CFFD-DC74C851C39D}.Release|Any CPU.Build.0 = Release|Any CPU
		{885E4BF5-9DB9-C2FF-E448-2AD500460EDC}.Debug|Any CPU.ActiveCfg = Debug|Any CPU
		{885E4BF5-9DB9-C2FF-E448-2AD500460EDC}.Debug|Any CPU.Build.0 = Debug|Any CPU
		{885E4BF5-9DB9-C2FF-E448-2AD500460EDC}.Release|Any CPU.ActiveCfg = Release|Any CPU
		{885E4BF5-9DB9-C2FF-E448-2AD500460EDC}.Release|Any CPU.Build.0 = Release|Any CPU
		{0FA6CF53-E1C0-6872-967B-3E7285E2FAEE}.Debug|Any CPU.ActiveCfg = Debug|Any CPU
		{0FA6CF53-E1C0-6872-967B-3E7285E2FAEE}.Debug|Any CPU.Build.0 = Debug|Any CPU
		{0FA6CF53-E1C0-6872-967B-3E7285E2FAEE}.Release|Any CPU.ActiveCfg = Release|Any CPU
		{0FA6CF53-E1C0-6872-967B-3E7285E2FAEE}.Release|Any CPU.Build.0 = Release|Any CPU
		{AF516973-6D36-D773-17A0-D91A2B95AB26}.Debug|Any CPU.ActiveCfg = Debug|Any CPU
		{AF516973-6D36-D773-17A0-D91A2B95AB26}.Debug|Any CPU.Build.0 = Debug|Any CPU
		{AF516973-6D36-D773-17A0-D91A2B95AB26}.Release|Any CPU.ActiveCfg = Release|Any CPU
		{AF516973-6D36-D773-17A0-D91A2B95AB26}.Release|Any CPU.Build.0 = Release|Any CPU
		{07FE9250-ADF3-BEED-CBDE-12F9BD3A7F70}.Debug|Any CPU.ActiveCfg = Debug|Any CPU
		{07FE9250-ADF3-BEED-CBDE-12F9BD3A7F70}.Debug|Any CPU.Build.0 = Debug|Any CPU
		{07FE9250-ADF3-BEED-CBDE-12F9BD3A7F70}.Release|Any CPU.ActiveCfg = Release|Any CPU
		{07FE9250-ADF3-BEED-CBDE-12F9BD3A7F70}.Release|Any CPU.Build.0 = Release|Any CPU
		{F10DDBB1-C27F-B591-F3E3-A95DDBE744FE}.Debug|Any CPU.ActiveCfg = Debug|Any CPU
		{F10DDBB1-C27F-B591-F3E3-A95DDBE744FE}.Debug|Any CPU.Build.0 = Debug|Any CPU
		{F10DDBB1-C27F-B591-F3E3-A95DDBE744FE}.Release|Any CPU.ActiveCfg = Release|Any CPU
		{F10DDBB1-C27F-B591-F3E3-A95DDBE744FE}.Release|Any CPU.Build.0 = Release|Any CPU
		{DC57849E-FE2B-2743-4EE4-F12308A86F9E}.Debug|Any CPU.ActiveCfg = Debug|Any CPU
		{DC57849E-FE2B-2743-4EE4-F12308A86F9E}.Debug|Any CPU.Build.0 = Debug|Any CPU
		{DC57849E-FE2B-2743-4EE4-F12308A86F9E}.Release|Any CPU.ActiveCfg = Release|Any CPU
		{DC57849E-FE2B-2743-4EE4-F12308A86F9E}.Release|Any CPU.Build.0 = Release|Any CPU
		{1976009D-CC2D-9517-82FD-23D38A77367E}.Debug|Any CPU.ActiveCfg = Debug|Any CPU
		{1976009D-CC2D-9517-82FD-23D38A77367E}.Debug|Any CPU.Build.0 = Debug|Any CPU
		{1976009D-CC2D-9517-82FD-23D38A77367E}.Release|Any CPU.ActiveCfg = Release|Any CPU
		{1976009D-CC2D-9517-82FD-23D38A77367E}.Release|Any CPU.Build.0 = Release|Any CPU
		{8349D003-6EB4-4024-55F6-120B308C1674}.Debug|Any CPU.ActiveCfg = Debug|Any CPU
		{8349D003-6EB4-4024-55F6-120B308C1674}.Debug|Any CPU.Build.0 = Debug|Any CPU
		{8349D003-6EB4-4024-55F6-120B308C1674}.Release|Any CPU.ActiveCfg = Release|Any CPU
		{8349D003-6EB4-4024-55F6-120B308C1674}.Release|Any CPU.Build.0 = Release|Any CPU
		{393BCB01-AFEA-012E-CF94-24AAEDD686CA}.Debug|Any CPU.ActiveCfg = Debug|Any CPU
		{393BCB01-AFEA-012E-CF94-24AAEDD686CA}.Debug|Any CPU.Build.0 = Debug|Any CPU
		{393BCB01-AFEA-012E-CF94-24AAEDD686CA}.Release|Any CPU.ActiveCfg = Release|Any CPU
		{393BCB01-AFEA-012E-CF94-24AAEDD686CA}.Release|Any CPU.Build.0 = Release|Any CPU
		{CE615DA7-2EE8-93FD-7C5C-8BC8A6CF641B}.Debug|Any CPU.ActiveCfg = Debug|Any CPU
		{CE615DA7-2EE8-93FD-7C5C-8BC8A6CF641B}.Debug|Any CPU.Build.0 = Debug|Any CPU
		{CE615DA7-2EE8-93FD-7C5C-8BC8A6CF641B}.Release|Any CPU.ActiveCfg = Release|Any CPU
		{CE615DA7-2EE8-93FD-7C5C-8BC8A6CF641B}.Release|Any CPU.Build.0 = Release|Any CPU
		{7D6BE12E-4162-FBF1-E85F-88AEFCC03980}.Debug|Any CPU.ActiveCfg = Debug|Any CPU
		{7D6BE12E-4162-FBF1-E85F-88AEFCC03980}.Debug|Any CPU.Build.0 = Debug|Any CPU
		{7D6BE12E-4162-FBF1-E85F-88AEFCC03980}.Release|Any CPU.ActiveCfg = Release|Any CPU
		{7D6BE12E-4162-FBF1-E85F-88AEFCC03980}.Release|Any CPU.Build.0 = Release|Any CPU
		{83E89326-DD82-8D4F-6879-781AF3A10890}.Debug|Any CPU.ActiveCfg = Debug|Any CPU
		{83E89326-DD82-8D4F-6879-781AF3A10890}.Debug|Any CPU.Build.0 = Debug|Any CPU
		{83E89326-DD82-8D4F-6879-781AF3A10890}.Release|Any CPU.ActiveCfg = Release|Any CPU
		{83E89326-DD82-8D4F-6879-781AF3A10890}.Release|Any CPU.Build.0 = Release|Any CPU
		{E27E5CCA-D008-6E7D-C03F-1A7A5E0918AF}.Debug|Any CPU.ActiveCfg = Debug|Any CPU
		{E27E5CCA-D008-6E7D-C03F-1A7A5E0918AF}.Debug|Any CPU.Build.0 = Debug|Any CPU
		{E27E5CCA-D008-6E7D-C03F-1A7A5E0918AF}.Release|Any CPU.ActiveCfg = Release|Any CPU
		{E27E5CCA-D008-6E7D-C03F-1A7A5E0918AF}.Release|Any CPU.Build.0 = Release|Any CPU
		{EE3F90D1-E697-0936-96F7-11EE611A4E53}.Debug|Any CPU.ActiveCfg = Debug|Any CPU
		{EE3F90D1-E697-0936-96F7-11EE611A4E53}.Debug|Any CPU.Build.0 = Debug|Any CPU
		{EE3F90D1-E697-0936-96F7-11EE611A4E53}.Release|Any CPU.ActiveCfg = Release|Any CPU
		{EE3F90D1-E697-0936-96F7-11EE611A4E53}.Release|Any CPU.Build.0 = Release|Any CPU
		{F01FB25F-25AB-9EED-7C11-E95977F734B8}.Debug|Any CPU.ActiveCfg = Debug|Any CPU
		{F01FB25F-25AB-9EED-7C11-E95977F734B8}.Debug|Any CPU.Build.0 = Debug|Any CPU
		{F01FB25F-25AB-9EED-7C11-E95977F734B8}.Release|Any CPU.ActiveCfg = Release|Any CPU
		{F01FB25F-25AB-9EED-7C11-E95977F734B8}.Release|Any CPU.Build.0 = Release|Any CPU
		{9E9733E7-ACC2-829B-43EA-784CD16441A0}.Debug|Any CPU.ActiveCfg = Debug|Any CPU
		{9E9733E7-ACC2-829B-43EA-784CD16441A0}.Debug|Any CPU.Build.0 = Debug|Any CPU
		{9E9733E7-ACC2-829B-43EA-784CD16441A0}.Release|Any CPU.ActiveCfg = Release|Any CPU
		{9E9733E7-ACC2-829B-43EA-784CD16441A0}.Release|Any CPU.Build.0 = Release|Any CPU
		{9CD49173-83CD-CD1D-AE68-192A5BB409C9}.Debug|Any CPU.ActiveCfg = Debug|Any CPU
		{9CD49173-83CD-CD1D-AE68-192A5BB409C9}.Debug|Any CPU.Build.0 = Debug|Any CPU
		{9CD49173-83CD-CD1D-AE68-192A5BB409C9}.Release|Any CPU.ActiveCfg = Release|Any CPU
		{9CD49173-83CD-CD1D-AE68-192A5BB409C9}.Release|Any CPU.Build.0 = Release|Any CPU
		{A6F2782D-3CA2-F6A5-201B-5E6111A74F53}.Debug|Any CPU.ActiveCfg = Debug|Any CPU
		{A6F2782D-3CA2-F6A5-201B-5E6111A74F53}.Debug|Any CPU.Build.0 = Debug|Any CPU
		{A6F2782D-3CA2-F6A5-201B-5E6111A74F53}.Release|Any CPU.ActiveCfg = Release|Any CPU
		{A6F2782D-3CA2-F6A5-201B-5E6111A74F53}.Release|Any CPU.Build.0 = Release|Any CPU
		{CA8691F2-00BC-BCB1-6EA3-2B27B079B4D5}.Debug|Any CPU.ActiveCfg = Debug|Any CPU
		{CA8691F2-00BC-BCB1-6EA3-2B27B079B4D5}.Debug|Any CPU.Build.0 = Debug|Any CPU
		{CA8691F2-00BC-BCB1-6EA3-2B27B079B4D5}.Release|Any CPU.ActiveCfg = Release|Any CPU
		{CA8691F2-00BC-BCB1-6EA3-2B27B079B4D5}.Release|Any CPU.Build.0 = Release|Any CPU
		{31AC5737-8902-51A4-80A8-272668C8B7B9}.Debug|Any CPU.ActiveCfg = Debug|Any CPU
		{31AC5737-8902-51A4-80A8-272668C8B7B9}.Debug|Any CPU.Build.0 = Debug|Any CPU
		{31AC5737-8902-51A4-80A8-272668C8B7B9}.Release|Any CPU.ActiveCfg = Release|Any CPU
		{31AC5737-8902-51A4-80A8-272668C8B7B9}.Release|Any CPU.Build.0 = Release|Any CPU
		{0CC18511-ADA7-3646-AE44-F1F2261D40FA}.Debug|Any CPU.ActiveCfg = Debug|Any CPU
		{0CC18511-ADA7-3646-AE44-F1F2261D40FA}.Debug|Any CPU.Build.0 = Debug|Any CPU
		{0CC18511-ADA7-3646-AE44-F1F2261D40FA}.Release|Any CPU.ActiveCfg = Release|Any CPU
		{0CC18511-ADA7-3646-AE44-F1F2261D40FA}.Release|Any CPU.Build.0 = Release|Any CPU
		{41D8FBF5-F077-8FAE-8F60-66FB6136A2F1}.Debug|Any CPU.ActiveCfg = Debug|Any CPU
		{41D8FBF5-F077-8FAE-8F60-66FB6136A2F1}.Debug|Any CPU.Build.0 = Debug|Any CPU
		{41D8FBF5-F077-8FAE-8F60-66FB6136A2F1}.Release|Any CPU.ActiveCfg = Release|Any CPU
		{41D8FBF5-F077-8FAE-8F60-66FB6136A2F1}.Release|Any CPU.Build.0 = Release|Any CPU
		{CC096664-FB7A-B311-4767-13818ECAF58A}.Debug|Any CPU.ActiveCfg = Debug|Any CPU
		{CC096664-FB7A-B311-4767-13818ECAF58A}.Debug|Any CPU.Build.0 = Debug|Any CPU
		{CC096664-FB7A-B311-4767-13818ECAF58A}.Release|Any CPU.ActiveCfg = Release|Any CPU
		{CC096664-FB7A-B311-4767-13818ECAF58A}.Release|Any CPU.Build.0 = Release|Any CPU
		{57A223F1-1C5D-1EC9-B56C-D8B5C4BD9E67}.Debug|Any CPU.ActiveCfg = Debug|Any CPU
		{57A223F1-1C5D-1EC9-B56C-D8B5C4BD9E67}.Debug|Any CPU.Build.0 = Debug|Any CPU
		{57A223F1-1C5D-1EC9-B56C-D8B5C4BD9E67}.Release|Any CPU.ActiveCfg = Release|Any CPU
		{57A223F1-1C5D-1EC9-B56C-D8B5C4BD9E67}.Release|Any CPU.Build.0 = Release|Any CPU
		{5EC86A63-A9EC-6937-503D-01FC3EDFE414}.Debug|Any CPU.ActiveCfg = Debug|Any CPU
		{5EC86A63-A9EC-6937-503D-01FC3EDFE414}.Debug|Any CPU.Build.0 = Debug|Any CPU
		{5EC86A63-A9EC-6937-503D-01FC3EDFE414}.Release|Any CPU.ActiveCfg = Release|Any CPU
		{5EC86A63-A9EC-6937-503D-01FC3EDFE414}.Release|Any CPU.Build.0 = Release|Any CPU
		{30B0427F-D0DA-F283-4F9D-4B2F6CD5F6A7}.Debug|Any CPU.ActiveCfg = Debug|Any CPU
		{30B0427F-D0DA-F283-4F9D-4B2F6CD5F6A7}.Debug|Any CPU.Build.0 = Debug|Any CPU
		{30B0427F-D0DA-F283-4F9D-4B2F6CD5F6A7}.Release|Any CPU.ActiveCfg = Release|Any CPU
		{30B0427F-D0DA-F283-4F9D-4B2F6CD5F6A7}.Release|Any CPU.Build.0 = Release|Any CPU
		{DB4BC938-C9AE-18F3-80FB-AB0D97295847}.Debug|Any CPU.ActiveCfg = Debug|Any CPU
		{DB4BC938-C9AE-18F3-80FB-AB0D97295847}.Debug|Any CPU.Build.0 = Debug|Any CPU
		{DB4BC938-C9AE-18F3-80FB-AB0D97295847}.Release|Any CPU.ActiveCfg = Release|Any CPU
		{DB4BC938-C9AE-18F3-80FB-AB0D97295847}.Release|Any CPU.Build.0 = Release|Any CPU
	EndGlobalSection
	GlobalSection(SolutionProperties) = preSolution
		HideSolutionNode = FALSE
	EndGlobalSection
EndGlobal
